
Microsoft Visual Studio Solution File, Format Version 11.00
# Visual Studio 2010
Project("{FAE04EC0-301F-11D3-BF4B-00C04F79EFBC}") = "Assembly-CSharp", "Assembly-CSharp.csproj", "{70f86be2-b74b-91bf-ac6b-4f021aa91342}"
EndProject
Project("{FAE04EC0-301F-11D3-BF4B-00C04F79EFBC}") = "Assembly-CSharp-Editor", "Assembly-CSharp-Editor.csproj", "{66c96b22-15b1-c8c7-faec-0432bb89a384}"
EndProject
Project("{FAE04EC0-301F-11D3-BF4B-00C04F79EFBC}") = "Assembly-CSharp-firstpass", "Assembly-CSharp-firstpass.csproj", "{1996d743-9344-eb83-a632-8cae2fb4ddd0}"
EndProject
Global
	GlobalSection(SolutionConfigurationPlatforms) = preSolution
		Debug|Any CPU = Debug|Any CPU
	EndGlobalSection
	GlobalSection(ProjectConfigurationPlatforms) = postSolution
		{70f86be2-b74b-91bf-ac6b-4f021aa91342}.Debug|Any CPU.ActiveCfg = Debug|Any CPU
		{70f86be2-b74b-91bf-ac6b-4f021aa91342}.Debug|Any CPU.Build.0 = Debug|Any CPU
		{66c96b22-15b1-c8c7-faec-0432bb89a384}.Debug|Any CPU.ActiveCfg = Debug|Any CPU
		{66c96b22-15b1-c8c7-faec-0432bb89a384}.Debug|Any CPU.Build.0 = Debug|Any CPU
		{1996d743-9344-eb83-a632-8cae2fb4ddd0}.Debug|Any CPU.ActiveCfg = Debug|Any CPU
		{1996d743-9344-eb83-a632-8cae2fb4ddd0}.Debug|Any CPU.Build.0 = Debug|Any CPU
	EndGlobalSection
	GlobalSection(SolutionProperties) = preSolution
		HideSolutionNode = FALSE
	EndGlobalSection
EndGlobal
